
Microsoft Visual Studio Solution File, Format Version 12.00
# Visual Studio Version 17
VisualStudioVersion = 17.9.34728.123
MinimumVisualStudioVersion = 10.0.40219.1
Project("{FAE04EC0-301F-11D3-BF4B-00C04F79EFBC}") = "Moedas3M", "Moedas3M\Moedas3M.csproj", "{F389E95D-5111-4F0B-94CE-8EEF334E5352}"
EndProject
Global
	GlobalSection(SolutionConfigurationPlatforms) = preSolution
		Debug|Any CPU = Debug|Any CPU
		Release|Any CPU = Release|Any CPU
	EndGlobalSection
	GlobalSection(ProjectConfigurationPlatforms) = postSolution
		{F389E95D-5111-4F0B-94CE-8EEF334E5352}.Debug|Any CPU.ActiveCfg = Debug|Any CPU
		{F389E95D-5111-4F0B-94CE-8EEF334E5352}.Debug|Any CPU.Build.0 = Debug|Any CPU
		{F389E95D-5111-4F0B-94CE-8EEF334E5352}.Debug|Any CPU.Deploy.0 = Debug|Any CPU
		{F389E95D-5111-4F0B-94CE-8EEF334E5352}.Release|Any CPU.ActiveCfg = Release|Any CPU
		{F389E95D-5111-4F0B-94CE-8EEF334E5352}.Release|Any CPU.Build.0 = Release|Any CPU
		{F389E95D-5111-4F0B-94CE-8EEF334E5352}.Release|Any CPU.Deploy.0 = Release|Any CPU
	EndGlobalSection
	GlobalSection(SolutionProperties) = preSolution
		HideSolutionNode = FALSE
	EndGlobalSection
	GlobalSection(ExtensibilityGlobals) = postSolution
		SolutionGuid = {758A9D58-516B-43C4-B33D-95412112F90B}
	EndGlobalSection
EndGlobal
